<Solution>
  <Folder Name="/src/">
    <Project Path="src/CompresorPdf.App/CompresorPdf.App.csproj" />
    <Project Path="src/CompresorPdf.Core/CompresorPdf.Core.csproj" />
  </Folder>
  <Folder Name="/tests/">
    <Project Path="tests/CompresorPdf.Tests/CompresorPdf.Tests.csproj" />
  </Folder>
</Solution>
